
Microsoft Visual Studio Solution File, Format Version 12.00
# Visual Studio Version 17
VisualStudioVersion = 17.0.32126.317
MinimumVisualStudioVersion = 10.0.40219.1
Project("{FAE04EC0-301F-11D3-BF4B-00C04F79EFBC}") = "PPilha_Livraria", "PPilha_Livraria\PPilha_Livraria.csproj", "{CFAA8DCA-9EB2-4C47-B853-45233D21DAD1}"
EndProject
Global
	GlobalSection(SolutionConfigurationPlatforms) = preSolution
		Debug|Any CPU = Debug|Any CPU
		Release|Any CPU = Release|Any CPU
	EndGlobalSection
	GlobalSection(ProjectConfigurationPlatforms) = postSolution
		{CFAA8DCA-9EB2-4C47-B853-45233D21DAD1}.Debug|Any CPU.ActiveCfg = Debug|Any CPU
		{CFAA8DCA-9EB2-4C47-B853-45233D21DAD1}.Debug|Any CPU.Build.0 = Debug|Any CPU
		{CFAA8DCA-9EB2-4C47-B853-45233D21DAD1}.Release|Any CPU.ActiveCfg = Release|Any CPU
		{CFAA8DCA-9EB2-4C47-B853-45233D21DAD1}.Release|Any CPU.Build.0 = Release|Any CPU
	EndGlobalSection
	GlobalSection(SolutionProperties) = preSolution
		HideSolutionNode = FALSE
	EndGlobalSection
	GlobalSection(ExtensibilityGlobals) = postSolution
		SolutionGuid = {682C7AE0-BE23-46BB-BD90-E2C72B8F8419}
	EndGlobalSection
EndGlobal
